
Microsoft Visual Studio Solution File, Format Version 12.00
# Visual Studio Version 17
VisualStudioVersion = 17.14.36414.22 d17.14
MinimumVisualStudioVersion = 10.0.40219.1
Project("{FAE04EC0-301F-11D3-BF4B-00C04F79EFBC}") = "GestorDeContactos", "GestorDeContactos\GestorDeContactos.csproj", "{16A0F714-EF2C-4927-A3E7-9D22137F9182}"
EndProject
Global
	GlobalSection(SolutionConfigurationPlatforms) = preSolution
		Debug|Any CPU = Debug|Any CPU
		Release|Any CPU = Release|Any CPU
	EndGlobalSection
	GlobalSection(ProjectConfigurationPlatforms) = postSolution
		{16A0F714-EF2C-4927-A3E7-9D22137F9182}.Debug|Any CPU.ActiveCfg = Debug|Any CPU
		{16A0F714-EF2C-4927-A3E7-9D22137F9182}.Debug|Any CPU.Build.0 = Debug|Any CPU
		{16A0F714-EF2C-4927-A3E7-9D22137F9182}.Release|Any CPU.ActiveCfg = Release|Any CPU
		{16A0F714-EF2C-4927-A3E7-9D22137F9182}.Release|Any CPU.Build.0 = Release|Any CPU
	EndGlobalSection
	GlobalSection(SolutionProperties) = preSolution
		HideSolutionNode = FALSE
	EndGlobalSection
	GlobalSection(ExtensibilityGlobals) = postSolution
		SolutionGuid = {189E394E-7FF9-472C-9E27-A4250666815E}
	EndGlobalSection
EndGlobal
